        # Generated by pub. See: http://pub.dartlang.org/doc/glossary.html#lockfile
         {"packages":{"dartling":{"version":"0.0.8","source":"git","description":{"url":"git://github.com/dzenanr/dartling.git","ref":null,"resolved-ref":"923b3945325adaafc6e6f92f6b020c1963473d2a"}},"unittest":{"version":"0.3.4","source":"hosted","description":"unittest"},"meta":{"version":"0.3.4","source":"hosted","description":"meta"}}}
        