        # Generated by pub. See: http://pub.dartlang.org/doc/glossary.html#lockfile
         {"packages":{"dartling":{"version":"0.0.9","source":"git","description":{"url":"git://github.com/dzenanr/dartling.git","ref":null,"resolved-ref":"30020aec28bba3711e0a87076d2a71be9ec75685"}},"unittest":{"version":"0.4.0","source":"hosted","description":"unittest"},"meta":{"version":"0.4.0","source":"hosted","description":"meta"}}}
        