        # Generated by pub. See: http://pub.dartlang.org/doc/glossary.html#lockfile
         {"packages":{"dartling":{"version":"0.0.9","source":"git","description":{"url":"git://github.com/dzenanr/dartling.git","ref":null,"resolved-ref":"cf0096c9a99268f2b6f8381cf573c76cb7230b4c"}},"unittest":{"version":"0.4.1","source":"hosted","description":"unittest"},"meta":{"version":"0.4.1+1","source":"hosted","description":"meta"}}}
        